
Microsoft Visual Studio Solution File, Format Version 12.00
Project("{FAE04EC0-301F-11D3-BF4B-00C04F79EFBC}") = "Biblioteca", "Biblioteca.csproj", "{96102AA9-B475-4220-8097-D4FB7E5449A6}"
EndProject
Global
	GlobalSection(SolutionConfigurationPlatforms) = preSolution
		Debug|Any CPU = Debug|Any CPU
		Release|Any CPU = Release|Any CPU
	EndGlobalSection
	GlobalSection(ProjectConfigurationPlatforms) = postSolution
		{96102AA9-B475-4220-8097-D4FB7E5449A6}.Debug|Any CPU.ActiveCfg = Debug|Any CPU
		{96102AA9-B475-4220-8097-D4FB7E5449A6}.Debug|Any CPU.Build.0 = Debug|Any CPU
		{96102AA9-B475-4220-8097-D4FB7E5449A6}.Release|Any CPU.ActiveCfg = Release|Any CPU
		{96102AA9-B475-4220-8097-D4FB7E5449A6}.Release|Any CPU.Build.0 = Release|Any CPU
	EndGlobalSection
EndGlobal
